
Microsoft Visual Studio Solution File, Format Version 12.00
# Visual Studio Version 16
VisualStudioVersion = 16.0.31727.386
MinimumVisualStudioVersion = 10.0.40219.1
Project("{FAE04EC0-301F-11D3-BF4B-00C04F79EFBC}") = "PruebasTecnicas", "PruebasTecnicas\PruebasTecnicas.csproj", "{1AA40618-591A-42C1-8E67-EAFE2DC4F3A0}"
EndProject
Global
	GlobalSection(SolutionConfigurationPlatforms) = preSolution
		Debug|Any CPU = Debug|Any CPU
		Release|Any CPU = Release|Any CPU
	EndGlobalSection
	GlobalSection(ProjectConfigurationPlatforms) = postSolution
		{1AA40618-591A-42C1-8E67-EAFE2DC4F3A0}.Debug|Any CPU.ActiveCfg = Debug|Any CPU
		{1AA40618-591A-42C1-8E67-EAFE2DC4F3A0}.Debug|Any CPU.Build.0 = Debug|Any CPU
		{1AA40618-591A-42C1-8E67-EAFE2DC4F3A0}.Release|Any CPU.ActiveCfg = Release|Any CPU
		{1AA40618-591A-42C1-8E67-EAFE2DC4F3A0}.Release|Any CPU.Build.0 = Release|Any CPU
	EndGlobalSection
	GlobalSection(SolutionProperties) = preSolution
		HideSolutionNode = FALSE
	EndGlobalSection
	GlobalSection(ExtensibilityGlobals) = postSolution
		SolutionGuid = {64692781-21BE-4639-9583-A195ABE47A24}
	EndGlobalSection
EndGlobal
